// !$*UTF8*$!
{
	archiveVersion = 1;
	classes = {
	};
	objectVersion = 55;
	objects = {

/* Begin PBXBuildFile section */
		04BB482D286CCD6700625136 /* DentistWonderApp.swift in Sources */ = {isa = PBXBuildFile; fileRef = 04BB482C286CCD6700625136 /* DentistWonderApp.swift */; };
		04BB482F286CCD6700625136 /* ContentView.swift in Sources */ = {isa = PBXBuildFile; fileRef = 04BB482E286CCD6700625136 /* ContentView.swift */; };
		04BB4831286CCD6C00625136 /* Assets.xcassets in Resources */ = {isa = PBXBuildFile; fileRef = 04BB4830286CCD6C00625136 /* Assets.xcassets */; };
		04BB4834286CCD6C00625136 /* Preview Assets.xcassets in Resources */ = {isa = PBXBuildFile; fileRef = 04BB4833286CCD6C00625136 /* Preview Assets.xcassets */; };
		04BB4836286CCD6C00625136 /* Persistence.swift in Sources */ = {isa = PBXBuildFile; fileRef = 04BB4835286CCD6C00625136 /* Persistence.swift */; };
		04BB4839286CCD6C00625136 /* DentistWonder.xcdatamodeld in Sources */ = {isa = PBXBuildFile; fileRef = 04BB4837286CCD6C00625136 /* DentistWonder.xcdatamodeld */; };
		04BB4844286CCEB700625136 /* Home.swift in Sources */ = {isa = PBXBuildFile; fileRef = 04BB4843286CCEB700625136 /* Home.swift */; };
		04BB4846286CD0C600625136 /* AppointViewModel.swift in Sources */ = {isa = PBXBuildFile; fileRef = 04BB4845286CD0C600625136 /* AppointViewModel.swift */; };
		04BB4848286CDA2D00625136 /* AddNewAppoint.swift in Sources */ = {isa = PBXBuildFile; fileRef = 04BB4847286CDA2D00625136 /* AddNewAppoint.swift */; };
/* End PBXBuildFile section */

/* Begin PBXFileReference section */
		04BB4829286CCD6700625136 /* DentistWonder.app */ = {isa = PBXFileReference; explicitFileType = wrapper.application; includeInIndex = 0; path = DentistWonder.app; sourceTree = BUILT_PRODUCTS_DIR; };
		04BB482C286CCD6700625136 /* DentistWonderApp.swift */ = {isa = PBXFileReference; lastKnownFileType = sourcecode.swift; path = DentistWonderApp.swift; sourceTree = "<group>"; };
		04BB482E286CCD6700625136 /* ContentView.swift */ = {isa = PBXFileReference; lastKnownFileType = sourcecode.swift; path = ContentView.swift; sourceTree = "<group>"; };
		04BB4830286CCD6C00625136 /* Assets.xcassets */ = {isa = PBXFileReference; lastKnownFileType = folder.assetcatalog; path = Assets.xcassets; sourceTree = "<group>"; };
		04BB4833286CCD6C00625136 /* Preview Assets.xcassets */ = {isa = PBXFileReference; lastKnownFileType = folder.assetcatalog; path = "Preview Assets.xcassets"; sourceTree = "<group>"; };
		04BB4835286CCD6C00625136 /* Persistence.swift */ = {isa = PBXFileReference; lastKnownFileType = sourcecode.swift; path = Persistence.swift; sourceTree = "<group>"; };
		04BB4838286CCD6C00625136 /* DentistWonder.xcdatamodel */ = {isa = PBXFileReference; lastKnownFileType = wrapper.xcdatamodel; path = DentistWonder.xcdatamodel; sourceTree = "<group>"; };
		04BB4843286CCEB700625136 /* Home.swift */ = {isa = PBXFileReference; lastKnownFileType = sourcecode.swift; path = Home.swift; sourceTree = "<group>"; };
		04BB4845286CD0C600625136 /* AppointViewModel.swift */ = {isa = PBXFileReference; lastKnownFileType = sourcecode.swift; path = AppointViewModel.swift; sourceTree = "<group>"; };
		04BB4847286CDA2D00625136 /* AddNewAppoint.swift */ = {isa = PBXFileReference; lastKnownFileType = sourcecode.swift; path = AddNewAppoint.swift; sourceTree = "<group>"; };
/* End PBXFileReference section */

/* Begin PBXFrameworksBuildPhase section */
		04BB4826286CCD6700625136 /* Frameworks */ = {
			isa = PBXFrameworksBuildPhase;
			buildActionMask = 2147483647;
			files = (
			);
			runOnlyForDeploymentPostprocessing = 0;
		};
/* End PBXFrameworksBuildPhase section */

/* Begin PBXGroup section */
		04BB4820286CCD6700625136 = {
			isa = PBXGroup;
			children = (
				04BB482B286CCD6700625136 /* DentistWonder */,
				04BB482A286CCD6700625136 /* Products */,
			);
			sourceTree = "<group>";
		};
		04BB482A286CCD6700625136 /* Products */ = {
			isa = PBXGroup;
			children = (
				04BB4829286CCD6700625136 /* DentistWonder.app */,
			);
			name = Products;
			sourceTree = "<group>";
		};
		04BB482B286CCD6700625136 /* DentistWonder */ = {
			isa = PBXGroup;
			children = (
				04BB4840286CCE9700625136 /* ViewModel */,
				04BB483F286CCE8500625136 /* Views */,
				04BB482C286CCD6700625136 /* DentistWonderApp.swift */,
				04BB482E286CCD6700625136 /* ContentView.swift */,
				04BB4830286CCD6C00625136 /* Assets.xcassets */,
				04BB4835286CCD6C00625136 /* Persistence.swift */,
				04BB4837286CCD6C00625136 /* DentistWonder.xcdatamodeld */,
				04BB4832286CCD6C00625136 /* Preview Content */,
			);
			path = DentistWonder;
			sourceTree = "<group>";
		};
		04BB4832286CCD6C00625136 /* Preview Content */ = {
			isa = PBXGroup;
			children = (
				04BB4833286CCD6C00625136 /* Preview Assets.xcassets */,
			);
			path = "Preview Content";
			sourceTree = "<group>";
		};
		04BB483F286CCE8500625136 /* Views */ = {
			isa = PBXGroup;
			children = (
				04BB4843286CCEB700625136 /* Home.swift */,
				04BB4847286CDA2D00625136 /* AddNewAppoint.swift */,
			);
			path = Views;
			sourceTree = "<group>";
		};
		04BB4840286CCE9700625136 /* ViewModel */ = {
			isa = PBXGroup;
			children = (
				04BB4845286CD0C600625136 /* AppointViewModel.swift */,
			);
			path = ViewModel;
			sourceTree = "<group>";
		};
/* End PBXGroup section */

/* Begin PBXNativeTarget section */
		04BB4828286CCD6700625136 /* DentistWonder */ = {
			isa = PBXNativeTarget;
			buildConfigurationList = 04BB483C286CCD6C00625136 /* Build configuration list for PBXNativeTarget "DentistWonder" */;
			buildPhases = (
				04BB4825286CCD6700625136 /* Sources */,
				04BB4826286CCD6700625136 /* Frameworks */,
				04BB4827286CCD6700625136 /* Resources */,
			);
			buildRules = (
			);
			dependencies = (
			);
			name = DentistWonder;
			productName = DentistWonder;
			productReference = 04BB4829286CCD6700625136 /* DentistWonder.app */;
			productType = "com.apple.product-type.application";
		};
/* End PBXNativeTarget section */

/* Begin PBXProject section */
		04BB4821286CCD6700625136 /* Project object */ = {
			isa = PBXProject;
			attributes = {
				BuildIndependentTargetsInParallel = 1;
				LastSwiftUpdateCheck = 1330;
				LastUpgradeCheck = 1330;
				TargetAttributes = {
					04BB4828286CCD6700625136 = {
						CreatedOnToolsVersion = 13.3.1;
					};
				};
			};
			buildConfigurationList = 04BB4824286CCD6700625136 /* Build configuration list for PBXProject "DentistWonder" */;
			compatibilityVersion = "Xcode 13.0";
			developmentRegion = en;
			hasScannedForEncodings = 0;
			knownRegions = (
				en,
				Base,
			);
			mainGroup = 04BB4820286CCD6700625136;
			productRefGroup = 04BB482A286CCD6700625136 /* Products */;
			projectDirPath = "";
			projectRoot = "";
			targets = (
				04BB4828286CCD6700625136 /* DentistWonder */,
			);
		};
/* End PBXProject section */

/* Begin PBXResourcesBuildPhase section */
		04BB4827286CCD6700625136 /* Resources */ = {
			isa = PBXResourcesBuildPhase;
			buildActionMask = 2147483647;
			files = (
				04BB4834286CCD6C00625136 /* Preview Assets.xcassets in Resources */,
				04BB4831286CCD6C00625136 /* Assets.xcassets in Resources */,
			);
			runOnlyForDeploymentPostprocessing = 0;
		};
/* End PBXResourcesBuildPhase section */

/* Begin PBXSourcesBuildPhase section */
		04BB4825286CCD6700625136 /* Sources */ = {
			isa = PBXSourcesBuildPhase;
			buildActionMask = 2147483647;
			files = (
				04BB4839286CCD6C00625136 /* DentistWonder.xcdatamodeld in Sources */,
				04BB4846286CD0C600625136 /* AppointViewModel.swift in Sources */,
				04BB4836286CCD6C00625136 /* Persistence.swift in Sources */,
				04BB4848286CDA2D00625136 /* AddNewAppoint.swift in Sources */,
				04BB4844286CCEB700625136 /* Home.swift in Sources */,
				04BB482F286CCD6700625136 /* ContentView.swift in Sources */,
				04BB482D286CCD6700625136 /* DentistWonderApp.swift in Sources */,
			);
			runOnlyForDeploymentPostprocessing = 0;
		};
/* End PBXSourcesBuildPhase section */

/* Begin XCBuildConfiguration section */
		04BB483A286CCD6C00625136 /* Debug */ = {
			isa = XCBuildConfiguration;
			buildSettings = {
				ALWAYS_SEARCH_USER_PATHS = NO;
				CLANG_ANALYZER_NONNULL = YES;
				CLANG_ANALYZER_NUMBER_OBJECT_CONVERSION = YES_AGGRESSIVE;
				CLANG_CXX_LANGUAGE_STANDARD = "gnu++17";
				CLANG_ENABLE_MODULES = YES;
				CLANG_ENABLE_OBJC_ARC = YES;
				CLANG_ENABLE_OBJC_WEAK = YES;
				CLANG_WARN_BLOCK_CAPTURE_AUTORELEASING = YES;
				CLANG_WARN_BOOL_CONVERSION = YES;
				CLANG_WARN_COMMA = YES;
				CLANG_WARN_CONSTANT_CONVERSION = YES;
				CLANG_WARN_DEPRECATED_OBJC_IMPLEMENTATIONS = YES;
				CLANG_WARN_DIRECT_OBJC_ISA_USAGE = YES_ERROR;
				CLANG_WARN_DOCUMENTATION_COMMENTS = YES;
				CLANG_WARN_EMPTY_BODY = YES;
				CLANG_WARN_ENUM_CONVERSION = YES;
				CLANG_WARN_INFINITE_RECURSION = YES;
				CLANG_WARN_INT_CONVERSION = YES;
				CLANG_WARN_NON_LITERAL_NULL_CONVERSION = YES;
				CLANG_WARN_OBJC_IMPLICIT_RETAIN_SELF = YES;
				CLANG_WARN_OBJC_LITERAL_CONVERSION = YES;
				CLANG_WARN_OBJC_ROOT_CLASS = YES_ERROR;
				CLANG_WARN_QUOTED_INCLUDE_IN_FRAMEWORK_HEADER = YES;
				CLANG_WARN_RANGE_LOOP_ANALYSIS = YES;
				CLANG_WARN_STRICT_PROTOTYPES = YES;
				CLANG_WARN_SUSPICIOUS_MOVE = YES;
				CLANG_WARN_UNGUARDED_AVAILABILITY = YES_AGGRESSIVE;
				CLANG_WARN_UNREACHABLE_CODE = YES;
				CLANG_WARN__DUPLICATE_METHOD_MATCH = YES;
				COPY_PHASE_STRIP = NO;
				DEBUG_INFORMATION_FORMAT = dwarf;
				ENABLE_STRICT_OBJC_MSGSEND = YES;
				ENABLE_TESTABILITY = YES;
				GCC_C_LANGUAGE_STANDARD = gnu11;
				GCC_DYNAMIC_NO_PIC = NO;
				GCC_NO_COMMON_BLOCKS = YES;
				GCC_OPTIMIZATION_LEVEL = 0;
				GCC_PREPROCESSOR_DEFINITIONS = (
					"DEBUG=1",
					"$(inherited)",
				);
				GCC_WARN_64_TO_32_BIT_CONVERSION = YES;
				GCC_WARN_ABOUT_RETURN_TYPE = YES_ERROR;
				GCC_WARN_UNDECLARED_SELECTOR = YES;
				GCC_WARN_UNINITIALIZED_AUTOS = YES_AGGRESSIVE;
				GCC_WARN_UNUSED_FUNCTION = YES;
				GCC_WARN_UNUSED_VARIABLE = YES;
				IPHONEOS_DEPLOYMENT_TARGET = 15.4;
				MTL_ENABLE_DEBUG_INFO = INCLUDE_SOURCE;
				MTL_FAST_MATH = YES;
				ONLY_ACTIVE_ARCH = YES;
				SDKROOT = iphoneos;
				SWIFT_ACTIVE_COMPILATION_CONDITIONS = DEBUG;
				SWIFT_OPTIMIZATION_LEVEL = "-Onone";
			};
			name = Debug;
		};
		04BB483B286CCD6C00625136 /* Release */ = {
			isa = XCBuildConfiguration;
			buildSettings = {
				ALWAYS_SEARCH_USER_PATHS = NO;
				CLANG_ANALYZER_NONNULL = YES;
				CLANG_ANALYZER_NUMBER_OBJECT_CONVERSION = YES_AGGRESSIVE;
				CLANG_CXX_LANGUAGE_STANDARD = "gnu++17";
				CLANG_ENABLE_MODULES = YES;
				CLANG_ENABLE_OBJC_ARC = YES;
				CLANG_ENABLE_OBJC_WEAK = YES;
				CLANG_WARN_BLOCK_CAPTURE_AUTORELEASING = YES;
				CLANG_WARN_BOOL_CONVERSION = YES;
				CLANG_WARN_COMMA = YES;
				CLANG_WARN_CONSTANT_CONVERSION = YES;
				CLANG_WARN_DEPRECATED_OBJC_IMPLEMENTATIONS = YES;
				CLANG_WARN_DIRECT_OBJC_ISA_USAGE = YES_ERROR;
				CLANG_WARN_DOCUMENTATION_COMMENTS = YES;
				CLANG_WARN_EMPTY_BODY = YES;
				CLANG_WARN_ENUM_CONVERSION = YES;
				CLANG_WARN_INFINITE_RECURSION = YES;
				CLANG_WARN_INT_CONVERSION = YES;
				CLANG_WARN_NON_LITERAL_NULL_CONVERSION = YES;
				CLANG_WARN_OBJC_IMPLICIT_RETAIN_SELF = YES;
				CLANG_WARN_OBJC_LITERAL_CONVERSION = YES;
				CLANG_WARN_OBJC_ROOT_CLASS = YES_ERROR;
				CLANG_WARN_QUOTED_INCLUDE_IN_FRAMEWORK_HEADER = YES;
				CLANG_WARN_RANGE_LOOP_ANALYSIS = YES;
				CLANG_WARN_STRICT_PROTOTYPES = YES;
				CLANG_WARN_SUSPICIOUS_MOVE = YES;
				CLANG_WARN_UNGUARDED_AVAILABILITY = YES_AGGRESSIVE;
				CLANG_WARN_UNREACHABLE_CODE = YES;
				CLANG_WARN__DUPLICATE_METHOD_MATCH = YES;
				COPY_PHASE_STRIP = NO;
				DEBUG_INFORMATION_FORMAT = "dwarf-with-dsym";
				ENABLE_NS_ASSERTIONS = NO;
				ENABLE_STRICT_OBJC_MSGSEND = YES;
				GCC_C_LANGUAGE_STANDARD = gnu11;
				GCC_NO_COMMON_BLOCKS = YES;
				GCC_WARN_64_TO_32_BIT_CONVERSION = YES;
				GCC_WARN_ABOUT_RETURN_TYPE = YES_ERROR;
				GCC_WARN_UNDECLARED_SELECTOR = YES;
				GCC_WARN_UNINITIALIZED_AUTOS = YES_AGGRESSIVE;
				GCC_WARN_UNUSED_FUNCTION = YES;
				GCC_WARN_UNUSED_VARIABLE = YES;
				IPHONEOS_DEPLOYMENT_TARGET = 15.4;
				MTL_ENABLE_DEBUG_INFO = NO;
				MTL_FAST_MATH = YES;
				SDKROOT = iphoneos;
				SWIFT_COMPILATION_MODE = wholemodule;
				SWIFT_OPTIMIZATION_LEVEL = "-O";
				VALIDATE_PRODUCT = YES;
			};
			name = Release;
		};
		04BB483D286CCD6C00625136 /* Debug */ = {
			isa = XCBuildConfiguration;
			buildSettings = {
				ASSETCATALOG_COMPILER_APPICON_NAME = AppIcon;
				ASSETCATALOG_COMPILER_GLOBAL_ACCENT_COLOR_NAME = AccentColor;
				CODE_SIGN_STYLE = Automatic;
				CURRENT_PROJECT_VERSION = 1;
				DEVELOPMENT_ASSET_PATHS = "\"DentistWonder/Preview Content\"";
				DEVELOPMENT_TEAM = 3A534NX7E6;
				ENABLE_PREVIEWS = YES;
				GENERATE_INFOPLIST_FILE = YES;
				INFOPLIST_KEY_UIApplicationSceneManifest_Generation = YES;
				INFOPLIST_KEY_UIApplicationSupportsIndirectInputEvents = YES;
				INFOPLIST_KEY_UILaunchScreen_Generation = YES;
				INFOPLIST_KEY_UISupportedInterfaceOrientations_iPad = "UIInterfaceOrientationPortrait UIInterfaceOrientationPortraitUpsideDown UIInterfaceOrientationLandscapeLeft UIInterfaceOrientationLandscapeRight";
				INFOPLIST_KEY_UISupportedInterfaceOrientations_iPhone = "UIInterfaceOrientationPortrait UIInterfaceOrientationLandscapeLeft UIInterfaceOrientationLandscapeRight";
				LD_RUNPATH_SEARCH_PATHS = (
					"$(inherited)",
					"@executable_path/Frameworks",
				);
				MARKETING_VERSION = 1.0;
				PRODUCT_BUNDLE_IDENTIFIER = appdevelop.DentistWonder;
				PRODUCT_NAME = "$(TARGET_NAME)";
				SWIFT_EMIT_LOC_STRINGS = YES;
				SWIFT_VERSION = 5.0;
				TARGETED_DEVICE_FAMILY = "1,2";
			};
			name = Debug;
		};
		04BB483E286CCD6C00625136 /* Release */ = {
			isa = XCBuildConfiguration;
			buildSettings = {
				ASSETCATALOG_COMPILER_APPICON_NAME = AppIcon;
				ASSETCATALOG_COMPILER_GLOBAL_ACCENT_COLOR_NAME = AccentColor;
				CODE_SIGN_STYLE = Automatic;
				CURRENT_PROJECT_VERSION = 1;
				DEVELOPMENT_ASSET_PATHS = "\"DentistWonder/Preview Content\"";
				DEVELOPMENT_TEAM = 3A534NX7E6;
				ENABLE_PREVIEWS = YES;
				GENERATE_INFOPLIST_FILE = YES;
				INFOPLIST_KEY_UIApplicationSceneManifest_Generation = YES;
				INFOPLIST_KEY_UIApplicationSupportsIndirectInputEvents = YES;
				INFOPLIST_KEY_UILaunchScreen_Generation = YES;
				INFOPLIST_KEY_UISupportedInterfaceOrientations_iPad = "UIInterfaceOrientationPortrait UIInterfaceOrientationPortraitUpsideDown UIInterfaceOrientationLandscapeLeft UIInterfaceOrientationLandscapeRight";
				INFOPLIST_KEY_UISupportedInterfaceOrientations_iPhone = "UIInterfaceOrientationPortrait UIInterfaceOrientationLandscapeLeft UIInterfaceOrientationLandscapeRight";
				LD_RUNPATH_SEARCH_PATHS = (
					"$(inherited)",
					"@executable_path/Frameworks",
				);
				MARKETING_VERSION = 1.0;
				PRODUCT_BUNDLE_IDENTIFIER = appdevelop.DentistWonder;
				PRODUCT_NAME = "$(TARGET_NAME)";
				SWIFT_EMIT_LOC_STRINGS = YES;
				SWIFT_VERSION = 5.0;
				TARGETED_DEVICE_FAMILY = "1,2";
			};
			name = Release;
		};
/* End XCBuildConfiguration section */

/* Begin XCConfigurationList section */
		04BB4824286CCD6700625136 /* Build configuration list for PBXProject "DentistWonder" */ = {
			isa = XCConfigurationList;
			buildConfigurations = (
				04BB483A286CCD6C00625136 /* Debug */,
				04BB483B286CCD6C00625136 /* Release */,
			);
			defaultConfigurationIsVisible = 0;
			defaultConfigurationName = Release;
		};
		04BB483C286CCD6C00625136 /* Build configuration list for PBXNativeTarget "DentistWonder" */ = {
			isa = XCConfigurationList;
			buildConfigurations = (
				04BB483D286CCD6C00625136 /* Debug */,
				04BB483E286CCD6C00625136 /* Release */,
			);
			defaultConfigurationIsVisible = 0;
			defaultConfigurationName = Release;
		};
/* End XCConfigurationList section */

/* Begin XCVersionGroup section */
		04BB4837286CCD6C00625136 /* DentistWonder.xcdatamodeld */ = {
			isa = XCVersionGroup;
			children = (
				04BB4838286CCD6C00625136 /* DentistWonder.xcdatamodel */,
			);
			currentVersion = 04BB4838286CCD6C00625136 /* DentistWonder.xcdatamodel */;
			path = DentistWonder.xcdatamodeld;
			sourceTree = "<group>";
			versionGroupType = wrapper.xcdatamodel;
		};
/* End XCVersionGroup section */
	};
	rootObject = 04BB4821286CCD6700625136 /* Project object */;
}
